# generated by rye
# use `rye lock` or `rye sync` to update this lockfile
#
# last locked with the following flags:
#   pre: false
#   features: []
#   all-features: false
#   with-sources: false

asttokens==2.4.1
    # via stack-data
certifi==2024.2.2
    # via requests
charset-normalizer==3.3.2
    # via requests
decorator==5.1.1
    # via ipython
executing==2.0.1
    # via stack-data
gitdb==4.0.11
    # via gitpython
gitpython==3.1.43
idna==3.7
    # via requests
ipython==8.24.0
isort==5.13.2
jedi==0.19.1
    # via ipython
matplotlib-inline==0.1.7
    # via ipython
numpy==1.26.4
    # via pandas
pandas==2.2.2
parso==0.8.4
    # via jedi
pexpect==4.9.0
    # via ipython
prompt-toolkit==3.0.43
    # via ipython
ptyprocess==0.7.0
    # via pexpect
pure-eval==0.2.2
    # via stack-data
pygments==2.18.0
    # via ipython
python-dateutil==2.9.0.post0
    # via pandas
python-dotenv==1.0.1
pytz==2024.1
    # via pandas
requests==2.31.0
six==1.16.0
    # via asttokens
    # via python-dateutil
smmap==5.0.1
    # via gitdb
stack-data==0.6.3
    # via ipython
tabulate==0.9.0
traitlets==5.14.3
    # via ipython
    # via matplotlib-inline
tzdata==2024.1
    # via pandas
urllib3==2.2.1
    # via requests
wcwidth==0.2.13
    # via prompt-toolkit
