# generated by rye
# use `rye lock` or `rye sync` to update this lockfile
#
# last locked with the following flags:
#   pre: false
#   features: []
#   all-features: false
#   with-sources: false

certifi==2024.2.2
    # via requests
charset-normalizer==3.3.2
    # via requests
gitdb==4.0.11
    # via gitpython
gitpython==3.1.43
idna==3.7
    # via requests
numpy==1.26.4
    # via pandas
pandas==2.2.2
python-dateutil==2.9.0.post0
    # via pandas
python-dotenv==1.0.1
pytz==2024.1
    # via pandas
requests==2.31.0
six==1.16.0
    # via python-dateutil
smmap==5.0.1
    # via gitdb
tabulate==0.9.0
tzdata==2024.1
    # via pandas
urllib3==2.2.1
    # via requests
